
Microsoft Visual Studio Solution File, Format Version 12.00
# Visual Studio 14
VisualStudioVersion = 14.0.25420.1
MinimumVisualStudioVersion = 10.0.40219.1
Project("{FAE04EC0-301F-11D3-BF4B-00C04F79EFBC}") = "_GUI", "_GUI\_GUI.csproj", "{8C05FF58-5B1D-4B5F-81C0-08E1E8574B73}"
EndProject
Project("{FAE04EC0-301F-11D3-BF4B-00C04F79EFBC}") = "Entity", "Entity\Entity.csproj", "{314F1CF0-270C-4B78-BA9D-464657B7BA9C}"
EndProject
Project("{FAE04EC0-301F-11D3-BF4B-00C04F79EFBC}") = "_BUS", "_BUS\_BUS.csproj", "{75B0004F-F22C-485B-97FD-94484C5D1B67}"
EndProject
Project("{FAE04EC0-301F-11D3-BF4B-00C04F79EFBC}") = "_DAL", "_DAL\_DAL.csproj", "{AAB5B081-74A0-4CF7-A0D5-1F5754690035}"
EndProject
Global
	GlobalSection(SolutionConfigurationPlatforms) = preSolution
		Debug|Any CPU = Debug|Any CPU
		Release|Any CPU = Release|Any CPU
	EndGlobalSection
	GlobalSection(ProjectConfigurationPlatforms) = postSolution
		{8C05FF58-5B1D-4B5F-81C0-08E1E8574B73}.Debug|Any CPU.ActiveCfg = Debug|Any CPU
		{8C05FF58-5B1D-4B5F-81C0-08E1E8574B73}.Debug|Any CPU.Build.0 = Debug|Any CPU
		{8C05FF58-5B1D-4B5F-81C0-08E1E8574B73}.Release|Any CPU.ActiveCfg = Release|Any CPU
		{8C05FF58-5B1D-4B5F-81C0-08E1E8574B73}.Release|Any CPU.Build.0 = Release|Any CPU
		{314F1CF0-270C-4B78-BA9D-464657B7BA9C}.Debug|Any CPU.ActiveCfg = Debug|Any CPU
		{314F1CF0-270C-4B78-BA9D-464657B7BA9C}.Debug|Any CPU.Build.0 = Debug|Any CPU
		{314F1CF0-270C-4B78-BA9D-464657B7BA9C}.Release|Any CPU.ActiveCfg = Release|Any CPU
		{314F1CF0-270C-4B78-BA9D-464657B7BA9C}.Release|Any CPU.Build.0 = Release|Any CPU
		{75B0004F-F22C-485B-97FD-94484C5D1B67}.Debug|Any CPU.ActiveCfg = Debug|Any CPU
		{75B0004F-F22C-485B-97FD-94484C5D1B67}.Debug|Any CPU.Build.0 = Debug|Any CPU
		{75B0004F-F22C-485B-97FD-94484C5D1B67}.Release|Any CPU.ActiveCfg = Release|Any CPU
		{75B0004F-F22C-485B-97FD-94484C5D1B67}.Release|Any CPU.Build.0 = Release|Any CPU
		{AAB5B081-74A0-4CF7-A0D5-1F5754690035}.Debug|Any CPU.ActiveCfg = Debug|Any CPU
		{AAB5B081-74A0-4CF7-A0D5-1F5754690035}.Debug|Any CPU.Build.0 = Debug|Any CPU
		{AAB5B081-74A0-4CF7-A0D5-1F5754690035}.Release|Any CPU.ActiveCfg = Release|Any CPU
		{AAB5B081-74A0-4CF7-A0D5-1F5754690035}.Release|Any CPU.Build.0 = Release|Any CPU
	EndGlobalSection
	GlobalSection(SolutionProperties) = preSolution
		HideSolutionNode = FALSE
	EndGlobalSection
EndGlobal
